
Microsoft Visual Studio Solution File, Format Version 12.00
# Visual Studio Version 17
VisualStudioVersion = 17.7.34202.233
MinimumVisualStudioVersion = 10.0.40219.1
Project("{FAE04EC0-301F-11D3-BF4B-00C04F79EFBC}") = "231116008 Murat Aktaş yılan oyunu", "231116008 Murat Aktaş yılan oyunu\231116008 Murat Aktaş yılan oyunu.csproj", "{40738C90-286A-472E-A32E-47C0E840E908}"
EndProject
Global
	GlobalSection(SolutionConfigurationPlatforms) = preSolution
		Debug|Any CPU = Debug|Any CPU
		Release|Any CPU = Release|Any CPU
	EndGlobalSection
	GlobalSection(ProjectConfigurationPlatforms) = postSolution
		{40738C90-286A-472E-A32E-47C0E840E908}.Debug|Any CPU.ActiveCfg = Debug|Any CPU
		{40738C90-286A-472E-A32E-47C0E840E908}.Debug|Any CPU.Build.0 = Debug|Any CPU
		{40738C90-286A-472E-A32E-47C0E840E908}.Release|Any CPU.ActiveCfg = Release|Any CPU
		{40738C90-286A-472E-A32E-47C0E840E908}.Release|Any CPU.Build.0 = Release|Any CPU
	EndGlobalSection
	GlobalSection(SolutionProperties) = preSolution
		HideSolutionNode = FALSE
	EndGlobalSection
	GlobalSection(ExtensibilityGlobals) = postSolution
		SolutionGuid = {D77B4023-3BFA-427D-9EF6-310706266297}
	EndGlobalSection
EndGlobal
